
Microsoft Visual Studio Solution File, Format Version 12.00
# Visual Studio Version 17
VisualStudioVersion = 17.6.33723.286
MinimumVisualStudioVersion = 10.0.40219.1
Project("{9A19103F-16F7-4668-BE54-9A1E7A4F7556}") = "ExamProject", "ExamProject\ExamProject.csproj", "{3CF3D07D-B726-4491-B3AB-28FC94431583}"
EndProject
Project("{9A19103F-16F7-4668-BE54-9A1E7A4F7556}") = "ExamClient", "ExamClient\ExamClient.csproj", "{6D8E62F4-1C33-468F-B26E-4852AD82DE30}"
EndProject
Project("{FAE04EC0-301F-11D3-BF4B-00C04F79EFBC}") = "ExamProjectAPI", "ExamProjectAPI\ExamProjectAPI.csproj", "{81825A15-F56F-40C7-A4D4-80D4F0CB9350}"
EndProject
Global
	GlobalSection(SolutionConfigurationPlatforms) = preSolution
		Debug|Any CPU = Debug|Any CPU
		Release|Any CPU = Release|Any CPU
	EndGlobalSection
	GlobalSection(ProjectConfigurationPlatforms) = postSolution
		{3CF3D07D-B726-4491-B3AB-28FC94431583}.Debug|Any CPU.ActiveCfg = Debug|Any CPU
		{3CF3D07D-B726-4491-B3AB-28FC94431583}.Debug|Any CPU.Build.0 = Debug|Any CPU
		{3CF3D07D-B726-4491-B3AB-28FC94431583}.Release|Any CPU.ActiveCfg = Release|Any CPU
		{3CF3D07D-B726-4491-B3AB-28FC94431583}.Release|Any CPU.Build.0 = Release|Any CPU
		{6D8E62F4-1C33-468F-B26E-4852AD82DE30}.Debug|Any CPU.ActiveCfg = Debug|Any CPU
		{6D8E62F4-1C33-468F-B26E-4852AD82DE30}.Debug|Any CPU.Build.0 = Debug|Any CPU
		{6D8E62F4-1C33-468F-B26E-4852AD82DE30}.Release|Any CPU.ActiveCfg = Release|Any CPU
		{6D8E62F4-1C33-468F-B26E-4852AD82DE30}.Release|Any CPU.Build.0 = Release|Any CPU
		{81825A15-F56F-40C7-A4D4-80D4F0CB9350}.Debug|Any CPU.ActiveCfg = Debug|Any CPU
		{81825A15-F56F-40C7-A4D4-80D4F0CB9350}.Debug|Any CPU.Build.0 = Debug|Any CPU
		{81825A15-F56F-40C7-A4D4-80D4F0CB9350}.Release|Any CPU.ActiveCfg = Release|Any CPU
		{81825A15-F56F-40C7-A4D4-80D4F0CB9350}.Release|Any CPU.Build.0 = Release|Any CPU
	EndGlobalSection
	GlobalSection(SolutionProperties) = preSolution
		HideSolutionNode = FALSE
	EndGlobalSection
	GlobalSection(ExtensibilityGlobals) = postSolution
		SolutionGuid = {718D8D4B-36D1-4862-87CE-BA07AE0EEC3D}
	EndGlobalSection
EndGlobal
